
Microsoft Visual Studio Solution File, Format Version 12.00
# Visual Studio Version 17
VisualStudioVersion = 17.0.31903.59
MinimumVisualStudioVersion = 10.0.40219.1
Project("{FAE04EC0-301F-11D3-BF4B-00C04F79EFBC}") = "DevOpsQuickScan.AppHost", "src\DevOpsQuickScan.AppHost\DevOpsQuickScan.AppHost.csproj", "{7928541D-007E-41CE-899B-82CF36B4BF22}"
EndProject
Project("{FAE04EC0-301F-11D3-BF4B-00C04F79EFBC}") = "DevOpsQuickScan.ServiceDefaults", "src\DevOpsQuickScan.ServiceDefaults\DevOpsQuickScan.ServiceDefaults.csproj", "{0868B3D8-E4B1-497C-839C-FE69433AD4FB}"
EndProject
Project("{FAE04EC0-301F-11D3-BF4B-00C04F79EFBC}") = "DevOpsQuickScan.Web", "src\DevOpsQuickScan.Web\DevOpsQuickScan.Web.csproj", "{4FAC2CED-7D6A-48E4-B4B8-07D45FA5C3C0}"
EndProject
Project("{FAE04EC0-301F-11D3-BF4B-00C04F79EFBC}") = "DevOpsQuickScan.Domain", "src\DevOpsQuickScan.Domain\DevOpsQuickScan.Domain.csproj", "{31FC979F-5F05-4A77-9CF1-7B775BCA4189}"
EndProject
Project("{FAE04EC0-301F-11D3-BF4B-00C04F79EFBC}") = "DevOpsQuickScan.UnitTests", "src\DevOpsQuickScan.UnitTests\DevOpsQuickScan.UnitTests.csproj", "{AA6AC9D1-71F7-494E-AE15-156122F06535}"
EndProject
Project("{2150E333-8FDC-42A3-9474-1A3956D46DE8}") = "Solution Items", "Solution Items", "{A104EE05-EF1E-400D-B8BC-8C60866DDED9}"
	ProjectSection(SolutionItems) = preProject
		README.md = README.md
		Dockerfile = Dockerfile
	EndProjectSection
EndProject
Global
	GlobalSection(SolutionConfigurationPlatforms) = preSolution
		Debug|Any CPU = Debug|Any CPU
		Release|Any CPU = Release|Any CPU
	EndGlobalSection
	GlobalSection(SolutionProperties) = preSolution
		HideSolutionNode = FALSE
	EndGlobalSection
	GlobalSection(ProjectConfigurationPlatforms) = postSolution
		{7928541D-007E-41CE-899B-82CF36B4BF22}.Debug|Any CPU.ActiveCfg = Debug|Any CPU
		{7928541D-007E-41CE-899B-82CF36B4BF22}.Debug|Any CPU.Build.0 = Debug|Any CPU
		{7928541D-007E-41CE-899B-82CF36B4BF22}.Release|Any CPU.ActiveCfg = Release|Any CPU
		{7928541D-007E-41CE-899B-82CF36B4BF22}.Release|Any CPU.Build.0 = Release|Any CPU
		{0868B3D8-E4B1-497C-839C-FE69433AD4FB}.Debug|Any CPU.ActiveCfg = Debug|Any CPU
		{0868B3D8-E4B1-497C-839C-FE69433AD4FB}.Debug|Any CPU.Build.0 = Debug|Any CPU
		{0868B3D8-E4B1-497C-839C-FE69433AD4FB}.Release|Any CPU.ActiveCfg = Release|Any CPU
		{0868B3D8-E4B1-497C-839C-FE69433AD4FB}.Release|Any CPU.Build.0 = Release|Any CPU
		{4FAC2CED-7D6A-48E4-B4B8-07D45FA5C3C0}.Debug|Any CPU.ActiveCfg = Debug|Any CPU
		{4FAC2CED-7D6A-48E4-B4B8-07D45FA5C3C0}.Debug|Any CPU.Build.0 = Debug|Any CPU
		{4FAC2CED-7D6A-48E4-B4B8-07D45FA5C3C0}.Release|Any CPU.ActiveCfg = Release|Any CPU
		{4FAC2CED-7D6A-48E4-B4B8-07D45FA5C3C0}.Release|Any CPU.Build.0 = Release|Any CPU
		{31FC979F-5F05-4A77-9CF1-7B775BCA4189}.Debug|Any CPU.ActiveCfg = Debug|Any CPU
		{31FC979F-5F05-4A77-9CF1-7B775BCA4189}.Debug|Any CPU.Build.0 = Debug|Any CPU
		{31FC979F-5F05-4A77-9CF1-7B775BCA4189}.Release|Any CPU.ActiveCfg = Release|Any CPU
		{31FC979F-5F05-4A77-9CF1-7B775BCA4189}.Release|Any CPU.Build.0 = Release|Any CPU
		{AA6AC9D1-71F7-494E-AE15-156122F06535}.Debug|Any CPU.ActiveCfg = Debug|Any CPU
		{AA6AC9D1-71F7-494E-AE15-156122F06535}.Debug|Any CPU.Build.0 = Debug|Any CPU
		{AA6AC9D1-71F7-494E-AE15-156122F06535}.Release|Any CPU.ActiveCfg = Release|Any CPU
		{AA6AC9D1-71F7-494E-AE15-156122F06535}.Release|Any CPU.Build.0 = Release|Any CPU
	EndGlobalSection
EndGlobal
